packages:
  - name: dbt_utils
    package: dbt-labs/dbt_utils
    version: 1.3.0
  - name: snowflake_spend
    package: gitlabhq/snowflake_spend
    version: 1.4.0
  - name: dbt_meta_testing
    package: tnightengale/dbt_meta_testing
    version: 0.3.6
sha1_hash: 0753474a1ba3f4323700c1c64e8b7a65876161a2
